{
  "originHash" : "729d5f737a6ba0ffdffbf0e74879f77576597d2ae5aa503c3cf3e631f1f27c4e",
  "pins" : [
    {
      "identity" : "codableextensions",
      "kind" : "remoteSourceControl",
      "location" : "https://github.com/rvenieris/CodableExtensions.git",
      "state" : {
        "branch" : "main",
        "revision" : "8ab633e156c5b4e21ca0adcbe942ab78754c78cc"
      }
    }
  ],
  "version" : 2
}
