{
  "originHash" : "9c5f7f9a36e9914d5e6d01abcab0a08eaa53705a6581b2c5615474bd86b7e80f",
  "pins" : [
    {
      "identity" : "codableextensions",
      "kind" : "remoteSourceControl",
      "location" : "https://github.com/rvenieris/CodableExtensions.git",
      "state" : {
        "branch" : "main",
        "revision" : "8ab633e156c5b4e21ca0adcbe942ab78754c78cc"
      }
    },
    {
      "identity" : "posthog-ios",
      "kind" : "remoteSourceControl",
      "location" : "https://github.com/PostHog/posthog-ios.git",
      "state" : {
        "branch" : "main",
        "revision" : "dcb2b1d7733370d748160d7abc55eb3578ffb93d"
      }
    }
  ],
  "version" : 2
}
