{
  "originHash" : "3eb9657929d649b1c733b79ce1367864bf25b2a09bc7a14cb53e4cdebb9d702a",
  "pins" : [
    {
      "identity" : "codableextensions",
      "kind" : "remoteSourceControl",
      "location" : "https://github.com/rvenieris/CodableExtensions.git",
      "state" : {
        "branch" : "main",
        "revision" : "8ab633e156c5b4e21ca0adcbe942ab78754c78cc"
      }
    },
    {
      "identity" : "posthog-ios",
      "kind" : "remoteSourceControl",
      "location" : "https://github.com/PostHog/posthog-ios.git",
      "state" : {
        "branch" : "main",
        "revision" : "dcb2b1d7733370d748160d7abc55eb3578ffb93d"
      }
    }
  ],
  "version" : 3
}
